// !$*UTF8*$!
{
	archiveVersion = 1;
	classes = {
	};
	objectVersion = 46;
	objects = {

/* Begin PBXBuildFile section */
		4CA242A51E62C9F200C24FEB /* AppDelegate.swift in Sources */ = {isa = PBXBuildFile; fileRef = 4CA242A41E62C9F200C24FEB /* AppDelegate.swift */; };
		4CA242A71E62C9F200C24FEB /* MyTableViewController.swift in Sources */ = {isa = PBXBuildFile; fileRef = 4CA242A61E62C9F200C24FEB /* MyTableViewController.swift */; };
		4CA242AA1E62C9F200C24FEB /* Main.storyboard in Resources */ = {isa = PBXBuildFile; fileRef = 4CA242A81E62C9F200C24FEB /* Main.storyboard */; };
		4CA242AC1E62C9F200C24FEB /* Assets.xcassets in Resources */ = {isa = PBXBuildFile; fileRef = 4CA242AB1E62C9F200C24FEB /* Assets.xcassets */; };
		4CA242AF1E62C9F200C24FEB /* LaunchScreen.storyboard in Resources */ = {isa = PBXBuildFile; fileRef = 4CA242AD1E62C9F200C24FEB /* LaunchScreen.storyboard */; };
		4CFF6D3E1E62CED800024277 /* MyCell.swift in Sources */ = {isa = PBXBuildFile; fileRef = 4CFF6D3D1E62CED800024277 /* MyCell.swift */; };
/* End PBXBuildFile section */

/* Begin PBXFileReference section */
		4CA242A11E62C9F200C24FEB /* SQTableView.app */ = {isa = PBXFileReference; explicitFileType = wrapper.application; includeInIndex = 0; path = SQTableView.app; sourceTree = BUILT_PRODUCTS_DIR; };
		4CA242A41E62C9F200C24FEB /* AppDelegate.swift */ = {isa = PBXFileReference; lastKnownFileType = sourcecode.swift; path = AppDelegate.swift; sourceTree = "<group>"; };
		4CA242A61E62C9F200C24FEB /* MyTableViewController.swift */ = {isa = PBXFileReference; lastKnownFileType = sourcecode.swift; path = MyTableViewController.swift; sourceTree = "<group>"; };
		4CA242A91E62C9F200C24FEB /* Base */ = {isa = PBXFileReference; lastKnownFileType = file.storyboard; name = Base; path = Base.lproj/Main.storyboard; sourceTree = "<group>"; };
		4CA242AB1E62C9F200C24FEB /* Assets.xcassets */ = {isa = PBXFileReference; lastKnownFileType = folder.assetcatalog; path = Assets.xcassets; sourceTree = "<group>"; };
		4CA242AE1E62C9F200C24FEB /* Base */ = {isa = PBXFileReference; lastKnownFileType = file.storyboard; name = Base; path = Base.lproj/LaunchScreen.storyboard; sourceTree = "<group>"; };
		4CA242B01E62C9F200C24FEB /* Info.plist */ = {isa = PBXFileReference; lastKnownFileType = text.plist.xml; path = Info.plist; sourceTree = "<group>"; };
		4CFF6D3D1E62CED800024277 /* MyCell.swift */ = {isa = PBXFileReference; fileEncoding = 4; lastKnownFileType = sourcecode.swift; path = MyCell.swift; sourceTree = "<group>"; };
/* End PBXFileReference section */

/* Begin PBXFrameworksBuildPhase section */
		4CA2429E1E62C9F100C24FEB /* Frameworks */ = {
			isa = PBXFrameworksBuildPhase;
			buildActionMask = 2147483647;
			files = (
			);
			runOnlyForDeploymentPostprocessing = 0;
		};
/* End PBXFrameworksBuildPhase section */

/* Begin PBXGroup section */
		4CA242981E62C9F100C24FEB = {
			isa = PBXGroup;
			children = (
				4CA242A31E62C9F200C24FEB /* SQTableView */,
				4CA242A21E62C9F200C24FEB /* Products */,
			);
			sourceTree = "<group>";
		};
		4CA242A21E62C9F200C24FEB /* Products */ = {
			isa = PBXGroup;
			children = (
				4CA242A11E62C9F200C24FEB /* SQTableView.app */,
			);
			name = Products;
			sourceTree = "<group>";
		};
		4CA242A31E62C9F200C24FEB /* SQTableView */ = {
			isa = PBXGroup;
			children = (
				4CA242A41E62C9F200C24FEB /* AppDelegate.swift */,
				4CA242A61E62C9F200C24FEB /* MyTableViewController.swift */,
				4CA242A81E62C9F200C24FEB /* Main.storyboard */,
				4CA242AB1E62C9F200C24FEB /* Assets.xcassets */,
				4CA242AD1E62C9F200C24FEB /* LaunchScreen.storyboard */,
				4CA242B01E62C9F200C24FEB /* Info.plist */,
				4CFF6D3D1E62CED800024277 /* MyCell.swift */,
			);
			path = SQTableView;
			sourceTree = "<group>";
		};
/* End PBXGroup section */

/* Begin PBXNativeTarget section */
		4CA242A01E62C9F100C24FEB /* SQTableView */ = {
			isa = PBXNativeTarget;
			buildConfigurationList = 4CA242B31E62C9F200C24FEB /* Build configuration list for PBXNativeTarget "SQTableView" */;
			buildPhases = (
				4CA2429D1E62C9F100C24FEB /* Sources */,
				4CA2429E1E62C9F100C24FEB /* Frameworks */,
				4CA2429F1E62C9F100C24FEB /* Resources */,
			);
			buildRules = (
			);
			dependencies = (
			);
			name = SQTableView;
			productName = SQTableView;
			productReference = 4CA242A11E62C9F200C24FEB /* SQTableView.app */;
			productType = "com.apple.product-type.application";
		};
/* End PBXNativeTarget section */

/* Begin PBXProject section */
		4CA242991E62C9F100C24FEB /* Project object */ = {
			isa = PBXProject;
			attributes = {
				LastSwiftUpdateCheck = 0800;
				LastUpgradeCheck = 0800;
				ORGANIZATIONNAME = "Salman Qureshi";
				TargetAttributes = {
					4CA242A01E62C9F100C24FEB = {
						CreatedOnToolsVersion = 8.0;
						DevelopmentTeam = S67BKWC82Q;
						ProvisioningStyle = Automatic;
					};
				};
			};
			buildConfigurationList = 4CA2429C1E62C9F100C24FEB /* Build configuration list for PBXProject "SQTableView" */;
			compatibilityVersion = "Xcode 3.2";
			developmentRegion = English;
			hasScannedForEncodings = 0;
			knownRegions = (
				en,
				Base,
			);
			mainGroup = 4CA242981E62C9F100C24FEB;
			productRefGroup = 4CA242A21E62C9F200C24FEB /* Products */;
			projectDirPath = "";
			projectRoot = "";
			targets = (
				4CA242A01E62C9F100C24FEB /* SQTableView */,
			);
		};
/* End PBXProject section */

/* Begin PBXResourcesBuildPhase section */
		4CA2429F1E62C9F100C24FEB /* Resources */ = {
			isa = PBXResourcesBuildPhase;
			buildActionMask = 2147483647;
			files = (
				4CA242AF1E62C9F200C24FEB /* LaunchScreen.storyboard in Resources */,
				4CA242AC1E62C9F200C24FEB /* Assets.xcassets in Resources */,
				4CA242AA1E62C9F200C24FEB /* Main.storyboard in Resources */,
			);
			runOnlyForDeploymentPostprocessing = 0;
		};
/* End PBXResourcesBuildPhase section */

/* Begin PBXSourcesBuildPhase section */
		4CA2429D1E62C9F100C24FEB /* Sources */ = {
			isa = PBXSourcesBuildPhase;
			buildActionMask = 2147483647;
			files = (
				4CFF6D3E1E62CED800024277 /* MyCell.swift in Sources */,
				4CA242A71E62C9F200C24FEB /* MyTableViewController.swift in Sources */,
				4CA242A51E62C9F200C24FEB /* AppDelegate.swift in Sources */,
			);
			runOnlyForDeploymentPostprocessing = 0;
		};
/* End PBXSourcesBuildPhase section */

/* Begin PBXVariantGroup section */
		4CA242A81E62C9F200C24FEB /* Main.storyboard */ = {
			isa = PBXVariantGroup;
			children = (
				4CA242A91E62C9F200C24FEB /* Base */,
			);
			name = Main.storyboard;
			sourceTree = "<group>";
		};
		4CA242AD1E62C9F200C24FEB /* LaunchScreen.storyboard */ = {
			isa = PBXVariantGroup;
			children = (
				4CA242AE1E62C9F200C24FEB /* Base */,
			);
			name = LaunchScreen.storyboard;
			sourceTree = "<group>";
		};
/* End PBXVariantGroup section */

/* Begin XCBuildConfiguration section */
		4CA242B11E62C9F200C24FEB /* Debug */ = {
			isa = XCBuildConfiguration;
			buildSettings = {
				ALWAYS_SEARCH_USER_PATHS = NO;
				CLANG_ANALYZER_NONNULL = YES;
				CLANG_CXX_LANGUAGE_STANDARD = "gnu++0x";
				CLANG_CXX_LIBRARY = "libc++";
				CLANG_ENABLE_MODULES = YES;
				CLANG_ENABLE_OBJC_ARC = YES;
				CLANG_WARN_BOOL_CONVERSION = YES;
				CLANG_WARN_CONSTANT_CONVERSION = YES;
				CLANG_WARN_DIRECT_OBJC_ISA_USAGE = YES_ERROR;
				CLANG_WARN_DOCUMENTATION_COMMENTS = YES;
				CLANG_WARN_EMPTY_BODY = YES;
				CLANG_WARN_ENUM_CONVERSION = YES;
				CLANG_WARN_INFINITE_RECURSION = YES;
				CLANG_WARN_INT_CONVERSION = YES;
				CLANG_WARN_OBJC_ROOT_CLASS = YES_ERROR;
				CLANG_WARN_SUSPICIOUS_MOVES = YES;
				CLANG_WARN_UNREACHABLE_CODE = YES;
				CLANG_WARN__DUPLICATE_METHOD_MATCH = YES;
				"CODE_SIGN_IDENTITY[sdk=iphoneos*]" = "iPhone Developer";
				COPY_PHASE_STRIP = NO;
				DEBUG_INFORMATION_FORMAT = dwarf;
				ENABLE_STRICT_OBJC_MSGSEND = YES;
				ENABLE_TESTABILITY = YES;
				GCC_C_LANGUAGE_STANDARD = gnu99;
				GCC_DYNAMIC_NO_PIC = NO;
				GCC_NO_COMMON_BLOCKS = YES;
				GCC_OPTIMIZATION_LEVEL = 0;
				GCC_PREPROCESSOR_DEFINITIONS = (
					"DEBUG=1",
					"$(inherited)",
				);
				GCC_WARN_64_TO_32_BIT_CONVERSION = YES;
				GCC_WARN_ABOUT_RETURN_TYPE = YES_ERROR;
				GCC_WARN_UNDECLARED_SELECTOR = YES;
				GCC_WARN_UNINITIALIZED_AUTOS = YES_AGGRESSIVE;
				GCC_WARN_UNUSED_FUNCTION = YES;
				GCC_WARN_UNUSED_VARIABLE = YES;
				IPHONEOS_DEPLOYMENT_TARGET = 10.0;
				MTL_ENABLE_DEBUG_INFO = YES;
				ONLY_ACTIVE_ARCH = YES;
				SDKROOT = iphoneos;
				SWIFT_ACTIVE_COMPILATION_CONDITIONS = DEBUG;
				SWIFT_OPTIMIZATION_LEVEL = "-Onone";
				TARGETED_DEVICE_FAMILY = "1,2";
			};
			name = Debug;
		};
		4CA242B21E62C9F200C24FEB /* Release */ = {
			isa = XCBuildConfiguration;
			buildSettings = {
				ALWAYS_SEARCH_USER_PATHS = NO;
				CLANG_ANALYZER_NONNULL = YES;
				CLANG_CXX_LANGUAGE_STANDARD = "gnu++0x";
				CLANG_CXX_LIBRARY = "libc++";
				CLANG_ENABLE_MODULES = YES;
				CLANG_ENABLE_OBJC_ARC = YES;
				CLANG_WARN_BOOL_CONVERSION = YES;
				CLANG_WARN_CONSTANT_CONVERSION = YES;
				CLANG_WARN_DIRECT_OBJC_ISA_USAGE = YES_ERROR;
				CLANG_WARN_DOCUMENTATION_COMMENTS = YES;
				CLANG_WARN_EMPTY_BODY = YES;
				CLANG_WARN_ENUM_CONVERSION = YES;
				CLANG_WARN_INFINITE_RECURSION = YES;
				CLANG_WARN_INT_CONVERSION = YES;
				CLANG_WARN_OBJC_ROOT_CLASS = YES_ERROR;
				CLANG_WARN_SUSPICIOUS_MOVES = YES;
				CLANG_WARN_UNREACHABLE_CODE = YES;
				CLANG_WARN__DUPLICATE_METHOD_MATCH = YES;
				"CODE_SIGN_IDENTITY[sdk=iphoneos*]" = "iPhone Developer";
				COPY_PHASE_STRIP = NO;
				DEBUG_INFORMATION_FORMAT = "dwarf-with-dsym";
				ENABLE_NS_ASSERTIONS = NO;
				ENABLE_STRICT_OBJC_MSGSEND = YES;
				GCC_C_LANGUAGE_STANDARD = gnu99;
				GCC_NO_COMMON_BLOCKS = YES;
				GCC_WARN_64_TO_32_BIT_CONVERSION = YES;
				GCC_WARN_ABOUT_RETURN_TYPE = YES_ERROR;
				GCC_WARN_UNDECLARED_SELECTOR = YES;
				GCC_WARN_UNINITIALIZED_AUTOS = YES_AGGRESSIVE;
				GCC_WARN_UNUSED_FUNCTION = YES;
				GCC_WARN_UNUSED_VARIABLE = YES;
				IPHONEOS_DEPLOYMENT_TARGET = 10.0;
				MTL_ENABLE_DEBUG_INFO = NO;
				SDKROOT = iphoneos;
				SWIFT_OPTIMIZATION_LEVEL = "-Owholemodule";
				TARGETED_DEVICE_FAMILY = "1,2";
				VALIDATE_PRODUCT = YES;
			};
			name = Release;
		};
		4CA242B41E62C9F200C24FEB /* Debug */ = {
			isa = XCBuildConfiguration;
			buildSettings = {
				ASSETCATALOG_COMPILER_APPICON_NAME = AppIcon;
				DEVELOPMENT_TEAM = S67BKWC82Q;
				INFOPLIST_FILE = SQTableView/Info.plist;
				LD_RUNPATH_SEARCH_PATHS = "$(inherited) @executable_path/Frameworks";
				PRODUCT_BUNDLE_IDENTIFIER = com.salmanlab.SQTableView;
				PRODUCT_NAME = "$(TARGET_NAME)";
				SWIFT_VERSION = 3.0;
			};
			name = Debug;
		};
		4CA242B51E62C9F200C24FEB /* Release */ = {
			isa = XCBuildConfiguration;
			buildSettings = {
				ASSETCATALOG_COMPILER_APPICON_NAME = AppIcon;
				DEVELOPMENT_TEAM = S67BKWC82Q;
				INFOPLIST_FILE = SQTableView/Info.plist;
				LD_RUNPATH_SEARCH_PATHS = "$(inherited) @executable_path/Frameworks";
				PRODUCT_BUNDLE_IDENTIFIER = com.salmanlab.SQTableView;
				PRODUCT_NAME = "$(TARGET_NAME)";
				SWIFT_VERSION = 3.0;
			};
			name = Release;
		};
/* End XCBuildConfiguration section */

/* Begin XCConfigurationList section */
		4CA2429C1E62C9F100C24FEB /* Build configuration list for PBXProject "SQTableView" */ = {
			isa = XCConfigurationList;
			buildConfigurations = (
				4CA242B11E62C9F200C24FEB /* Debug */,
				4CA242B21E62C9F200C24FEB /* Release */,
			);
			defaultConfigurationIsVisible = 0;
			defaultConfigurationName = Release;
		};
		4CA242B31E62C9F200C24FEB /* Build configuration list for PBXNativeTarget "SQTableView" */ = {
			isa = XCConfigurationList;
			buildConfigurations = (
				4CA242B41E62C9F200C24FEB /* Debug */,
				4CA242B51E62C9F200C24FEB /* Release */,
			);
			defaultConfigurationIsVisible = 0;
			defaultConfigurationName = Release;
		};
/* End XCConfigurationList section */
	};
	rootObject = 4CA242991E62C9F100C24FEB /* Project object */;
}
